
Microsoft Visual Studio Solution File, Format Version 12.00
# Visual Studio Version 16
VisualStudioVersion = 16.0.31624.102
MinimumVisualStudioVersion = 10.0.40219.1
Project("{FAE04EC0-301F-11D3-BF4B-00C04F79EFBC}") = "TimePunch", "TimePunch.csproj", "{37335F73-DAE3-48E4-95C0-0154CEB1C4C9}"
EndProject
Global
	GlobalSection(SolutionConfigurationPlatforms) = preSolution
		Debug|Any CPU = Debug|Any CPU
		Release|Any CPU = Release|Any CPU
	EndGlobalSection
	GlobalSection(ProjectConfigurationPlatforms) = postSolution
		{37335F73-DAE3-48E4-95C0-0154CEB1C4C9}.Debug|Any CPU.ActiveCfg = Debug|Any CPU
		{37335F73-DAE3-48E4-95C0-0154CEB1C4C9}.Debug|Any CPU.Build.0 = Debug|Any CPU
		{37335F73-DAE3-48E4-95C0-0154CEB1C4C9}.Release|Any CPU.ActiveCfg = Release|Any CPU
		{37335F73-DAE3-48E4-95C0-0154CEB1C4C9}.Release|Any CPU.Build.0 = Release|Any CPU
	EndGlobalSection
	GlobalSection(SolutionProperties) = preSolution
		HideSolutionNode = FALSE
	EndGlobalSection
	GlobalSection(ExtensibilityGlobals) = postSolution
		SolutionGuid = {040AF792-F736-4ECA-9DAB-95BB912FD17B}
	EndGlobalSection
EndGlobal
